
Microsoft Visual Studio Solution File, Format Version 12.00
# Visual Studio Version 17
VisualStudioVersion = 17.5.002.0
MinimumVisualStudioVersion = 10.0.40219.1
Project("{9A19103F-16F7-4668-BE54-9A1E7A4F7556}") = "wordCounter", "wordCounter.csproj", "{E6A019B5-0D0A-4769-B10A-578DB2D74946}"
EndProject
Global
	GlobalSection(SolutionConfigurationPlatforms) = preSolution
		Debug|Any CPU = Debug|Any CPU
		Release|Any CPU = Release|Any CPU
	EndGlobalSection
	GlobalSection(ProjectConfigurationPlatforms) = postSolution
		{E6A019B5-0D0A-4769-B10A-578DB2D74946}.Debug|Any CPU.ActiveCfg = Debug|Any CPU
		{E6A019B5-0D0A-4769-B10A-578DB2D74946}.Debug|Any CPU.Build.0 = Debug|Any CPU
		{E6A019B5-0D0A-4769-B10A-578DB2D74946}.Release|Any CPU.ActiveCfg = Release|Any CPU
		{E6A019B5-0D0A-4769-B10A-578DB2D74946}.Release|Any CPU.Build.0 = Release|Any CPU
	EndGlobalSection
	GlobalSection(SolutionProperties) = preSolution
		HideSolutionNode = FALSE
	EndGlobalSection
	GlobalSection(ExtensibilityGlobals) = postSolution
		SolutionGuid = {203ADD3F-DE04-49AD-90B3-0EA86E3F7CC3}
	EndGlobalSection
EndGlobal
